// !$*UTF8*$!
{
	archiveVersion = 1;
	classes = {
	};
	objectVersion = 46;
	objects = {

/* Begin PBXBuildFile section */
		30B0B8C91AD84847009401D6 /* AppDelegate.swift in Sources */ = {isa = PBXBuildFile; fileRef = 30B0B8C81AD84847009401D6 /* AppDelegate.swift */; };
		30B0B8CB1AD84847009401D6 /* ViewController.swift in Sources */ = {isa = PBXBuildFile; fileRef = 30B0B8CA1AD84847009401D6 /* ViewController.swift */; };
		30B0B8CE1AD84847009401D6 /* Main.storyboard in Resources */ = {isa = PBXBuildFile; fileRef = 30B0B8CC1AD84847009401D6 /* Main.storyboard */; };
		30B0B8D01AD84847009401D6 /* Images.xcassets in Resources */ = {isa = PBXBuildFile; fileRef = 30B0B8CF1AD84847009401D6 /* Images.xcassets */; };
		30B0B8D31AD84847009401D6 /* LaunchScreen.xib in Resources */ = {isa = PBXBuildFile; fileRef = 30B0B8D11AD84847009401D6 /* LaunchScreen.xib */; };
		30B0B8DF1AD84847009401D6 /* WatchTestAppTests.swift in Sources */ = {isa = PBXBuildFile; fileRef = 30B0B8DE1AD84847009401D6 /* WatchTestAppTests.swift */; };
		30B0B8F21AD84942009401D6 /* InterfaceController.swift in Sources */ = {isa = PBXBuildFile; fileRef = 30B0B8F11AD84942009401D6 /* InterfaceController.swift */; };
		30B0B8F41AD84942009401D6 /* NotificationController.swift in Sources */ = {isa = PBXBuildFile; fileRef = 30B0B8F31AD84942009401D6 /* NotificationController.swift */; };
		30B0B8F61AD84942009401D6 /* GlanceController.swift in Sources */ = {isa = PBXBuildFile; fileRef = 30B0B8F51AD84942009401D6 /* GlanceController.swift */; };
		30B0B8F81AD84942009401D6 /* Images.xcassets in Resources */ = {isa = PBXBuildFile; fileRef = 30B0B8F71AD84942009401D6 /* Images.xcassets */; };
		30B0B8FC1AD84942009401D6 /* WatchTestApp WatchKit App.app in Resources */ = {isa = PBXBuildFile; fileRef = 30B0B8FB1AD84942009401D6 /* WatchTestApp WatchKit App.app */; };
		30B0B9041AD84942009401D6 /* Interface.storyboard in Resources */ = {isa = PBXBuildFile; fileRef = 30B0B9021AD84942009401D6 /* Interface.storyboard */; };
		30B0B9061AD84942009401D6 /* Images.xcassets in Resources */ = {isa = PBXBuildFile; fileRef = 30B0B9051AD84942009401D6 /* Images.xcassets */; };
		30B0B9091AD84942009401D6 /* WatchTestApp WatchKit Extension.appex in Embed App Extensions */ = {isa = PBXBuildFile; fileRef = 30B0B8EC1AD84941009401D6 /* WatchTestApp WatchKit Extension.appex */; settings = {ATTRIBUTES = (RemoveHeadersOnCopy, ); }; };
/* End PBXBuildFile section */

/* Begin PBXContainerItemProxy section */
		30B0B8D91AD84847009401D6 /* PBXContainerItemProxy */ = {
			isa = PBXContainerItemProxy;
			containerPortal = 30B0B8BB1AD84846009401D6 /* Project object */;
			proxyType = 1;
			remoteGlobalIDString = 30B0B8C21AD84847009401D6;
			remoteInfo = WatchTestApp;
		};
		30B0B8FD1AD84942009401D6 /* PBXContainerItemProxy */ = {
			isa = PBXContainerItemProxy;
			containerPortal = 30B0B8BB1AD84846009401D6 /* Project object */;
			proxyType = 1;
			remoteGlobalIDString = 30B0B8FA1AD84942009401D6;
			remoteInfo = "WatchTestApp WatchKit App";
		};
		30B0B9071AD84942009401D6 /* PBXContainerItemProxy */ = {
			isa = PBXContainerItemProxy;
			containerPortal = 30B0B8BB1AD84846009401D6 /* Project object */;
			proxyType = 1;
			remoteGlobalIDString = 30B0B8EB1AD84941009401D6;
			remoteInfo = "WatchTestApp WatchKit Extension";
		};
/* End PBXContainerItemProxy section */

/* Begin PBXCopyFilesBuildPhase section */
		30B0B9101AD84942009401D6 /* Embed App Extensions */ = {
			isa = PBXCopyFilesBuildPhase;
			buildActionMask = 2147483647;
			dstPath = "";
			dstSubfolderSpec = 13;
			files = (
				30B0B9091AD84942009401D6 /* WatchTestApp WatchKit Extension.appex in Embed App Extensions */,
			);
			name = "Embed App Extensions";
			runOnlyForDeploymentPostprocessing = 0;
		};
/* End PBXCopyFilesBuildPhase section */

/* Begin PBXFileReference section */
		30B0B8C31AD84847009401D6 /* WatchTestApp.app */ = {isa = PBXFileReference; explicitFileType = wrapper.application; includeInIndex = 0; path = WatchTestApp.app; sourceTree = BUILT_PRODUCTS_DIR; };
		30B0B8C71AD84847009401D6 /* Info.plist */ = {isa = PBXFileReference; lastKnownFileType = text.plist.xml; path = Info.plist; sourceTree = "<group>"; };
		30B0B8C81AD84847009401D6 /* AppDelegate.swift */ = {isa = PBXFileReference; lastKnownFileType = sourcecode.swift; path = AppDelegate.swift; sourceTree = "<group>"; };
		30B0B8CA1AD84847009401D6 /* ViewController.swift */ = {isa = PBXFileReference; lastKnownFileType = sourcecode.swift; path = ViewController.swift; sourceTree = "<group>"; };
		30B0B8CD1AD84847009401D6 /* Base */ = {isa = PBXFileReference; lastKnownFileType = file.storyboard; name = Base; path = Base.lproj/Main.storyboard; sourceTree = "<group>"; };
		30B0B8CF1AD84847009401D6 /* Images.xcassets */ = {isa = PBXFileReference; lastKnownFileType = folder.assetcatalog; path = Images.xcassets; sourceTree = "<group>"; };
		30B0B8D21AD84847009401D6 /* Base */ = {isa = PBXFileReference; lastKnownFileType = file.xib; name = Base; path = Base.lproj/LaunchScreen.xib; sourceTree = "<group>"; };
		30B0B8D81AD84847009401D6 /* WatchTestAppTests.xctest */ = {isa = PBXFileReference; explicitFileType = wrapper.cfbundle; includeInIndex = 0; path = WatchTestAppTests.xctest; sourceTree = BUILT_PRODUCTS_DIR; };
		30B0B8DD1AD84847009401D6 /* Info.plist */ = {isa = PBXFileReference; lastKnownFileType = text.plist.xml; path = Info.plist; sourceTree = "<group>"; };
		30B0B8DE1AD84847009401D6 /* WatchTestAppTests.swift */ = {isa = PBXFileReference; lastKnownFileType = sourcecode.swift; path = WatchTestAppTests.swift; sourceTree = "<group>"; };
		30B0B8EC1AD84941009401D6 /* WatchTestApp WatchKit Extension.appex */ = {isa = PBXFileReference; explicitFileType = "wrapper.app-extension"; includeInIndex = 0; path = "WatchTestApp WatchKit Extension.appex"; sourceTree = BUILT_PRODUCTS_DIR; };
		30B0B8EF1AD84942009401D6 /* Info.plist */ = {isa = PBXFileReference; lastKnownFileType = text.plist.xml; path = Info.plist; sourceTree = "<group>"; };
		30B0B8F01AD84942009401D6 /* PushNotificationPayload.apns */ = {isa = PBXFileReference; lastKnownFileType = text; path = PushNotificationPayload.apns; sourceTree = "<group>"; };
		30B0B8F11AD84942009401D6 /* InterfaceController.swift */ = {isa = PBXFileReference; lastKnownFileType = sourcecode.swift; path = InterfaceController.swift; sourceTree = "<group>"; };
		30B0B8F31AD84942009401D6 /* NotificationController.swift */ = {isa = PBXFileReference; lastKnownFileType = sourcecode.swift; path = NotificationController.swift; sourceTree = "<group>"; };
		30B0B8F51AD84942009401D6 /* GlanceController.swift */ = {isa = PBXFileReference; lastKnownFileType = sourcecode.swift; path = GlanceController.swift; sourceTree = "<group>"; };
		30B0B8F71AD84942009401D6 /* Images.xcassets */ = {isa = PBXFileReference; lastKnownFileType = folder.assetcatalog; path = Images.xcassets; sourceTree = "<group>"; };
		30B0B8FB1AD84942009401D6 /* WatchTestApp WatchKit App.app */ = {isa = PBXFileReference; explicitFileType = wrapper.application; includeInIndex = 0; path = "WatchTestApp WatchKit App.app"; sourceTree = BUILT_PRODUCTS_DIR; };
		30B0B9011AD84942009401D6 /* Info.plist */ = {isa = PBXFileReference; lastKnownFileType = text.plist.xml; path = Info.plist; sourceTree = "<group>"; };
		30B0B9031AD84942009401D6 /* Base */ = {isa = PBXFileReference; lastKnownFileType = file.storyboard; name = Base; path = Base.lproj/Interface.storyboard; sourceTree = "<group>"; };
		30B0B9051AD84942009401D6 /* Images.xcassets */ = {isa = PBXFileReference; lastKnownFileType = folder.assetcatalog; path = Images.xcassets; sourceTree = "<group>"; };
/* End PBXFileReference section */

/* Begin PBXFrameworksBuildPhase section */
		30B0B8C01AD84847009401D6 /* Frameworks */ = {
			isa = PBXFrameworksBuildPhase;
			buildActionMask = 2147483647;
			files = (
			);
			runOnlyForDeploymentPostprocessing = 0;
		};
		30B0B8D51AD84847009401D6 /* Frameworks */ = {
			isa = PBXFrameworksBuildPhase;
			buildActionMask = 2147483647;
			files = (
			);
			runOnlyForDeploymentPostprocessing = 0;
		};
		30B0B8E91AD84941009401D6 /* Frameworks */ = {
			isa = PBXFrameworksBuildPhase;
			buildActionMask = 2147483647;
			files = (
			);
			runOnlyForDeploymentPostprocessing = 0;
		};
/* End PBXFrameworksBuildPhase section */

/* Begin PBXGroup section */
		30B0B8BA1AD84846009401D6 = {
			isa = PBXGroup;
			children = (
				30B0B8C51AD84847009401D6 /* WatchTestApp */,
				30B0B8DB1AD84847009401D6 /* WatchTestAppTests */,
				30B0B8ED1AD84942009401D6 /* WatchTestApp WatchKit Extension */,
				30B0B8FF1AD84942009401D6 /* WatchTestApp WatchKit App */,
				30B0B8C41AD84847009401D6 /* Products */,
			);
			sourceTree = "<group>";
		};
		30B0B8C41AD84847009401D6 /* Products */ = {
			isa = PBXGroup;
			children = (
				30B0B8C31AD84847009401D6 /* WatchTestApp.app */,
				30B0B8D81AD84847009401D6 /* WatchTestAppTests.xctest */,
				30B0B8EC1AD84941009401D6 /* WatchTestApp WatchKit Extension.appex */,
				30B0B8FB1AD84942009401D6 /* WatchTestApp WatchKit App.app */,
			);
			name = Products;
			sourceTree = "<group>";
		};
		30B0B8C51AD84847009401D6 /* WatchTestApp */ = {
			isa = PBXGroup;
			children = (
				30B0B8C81AD84847009401D6 /* AppDelegate.swift */,
				30B0B8CA1AD84847009401D6 /* ViewController.swift */,
				30B0B8CC1AD84847009401D6 /* Main.storyboard */,
				30B0B8CF1AD84847009401D6 /* Images.xcassets */,
				30B0B8D11AD84847009401D6 /* LaunchScreen.xib */,
				30B0B8C61AD84847009401D6 /* Supporting Files */,
			);
			path = WatchTestApp;
			sourceTree = "<group>";
		};
		30B0B8C61AD84847009401D6 /* Supporting Files */ = {
			isa = PBXGroup;
			children = (
				30B0B8C71AD84847009401D6 /* Info.plist */,
			);
			name = "Supporting Files";
			sourceTree = "<group>";
		};
		30B0B8DB1AD84847009401D6 /* WatchTestAppTests */ = {
			isa = PBXGroup;
			children = (
				30B0B8DE1AD84847009401D6 /* WatchTestAppTests.swift */,
				30B0B8DC1AD84847009401D6 /* Supporting Files */,
			);
			path = WatchTestAppTests;
			sourceTree = "<group>";
		};
		30B0B8DC1AD84847009401D6 /* Supporting Files */ = {
			isa = PBXGroup;
			children = (
				30B0B8DD1AD84847009401D6 /* Info.plist */,
			);
			name = "Supporting Files";
			sourceTree = "<group>";
		};
		30B0B8ED1AD84942009401D6 /* WatchTestApp WatchKit Extension */ = {
			isa = PBXGroup;
			children = (
				30B0B8F11AD84942009401D6 /* InterfaceController.swift */,
				30B0B8F31AD84942009401D6 /* NotificationController.swift */,
				30B0B8F51AD84942009401D6 /* GlanceController.swift */,
				30B0B8F71AD84942009401D6 /* Images.xcassets */,
				30B0B8EE1AD84942009401D6 /* Supporting Files */,
			);
			path = "WatchTestApp WatchKit Extension";
			sourceTree = "<group>";
		};
		30B0B8EE1AD84942009401D6 /* Supporting Files */ = {
			isa = PBXGroup;
			children = (
				30B0B8EF1AD84942009401D6 /* Info.plist */,
				30B0B8F01AD84942009401D6 /* PushNotificationPayload.apns */,
			);
			name = "Supporting Files";
			sourceTree = "<group>";
		};
		30B0B8FF1AD84942009401D6 /* WatchTestApp WatchKit App */ = {
			isa = PBXGroup;
			children = (
				30B0B9021AD84942009401D6 /* Interface.storyboard */,
				30B0B9051AD84942009401D6 /* Images.xcassets */,
				30B0B9001AD84942009401D6 /* Supporting Files */,
			);
			path = "WatchTestApp WatchKit App";
			sourceTree = "<group>";
		};
		30B0B9001AD84942009401D6 /* Supporting Files */ = {
			isa = PBXGroup;
			children = (
				30B0B9011AD84942009401D6 /* Info.plist */,
			);
			name = "Supporting Files";
			sourceTree = "<group>";
		};
/* End PBXGroup section */

/* Begin PBXNativeTarget section */
		30B0B8C21AD84847009401D6 /* WatchTestApp */ = {
			isa = PBXNativeTarget;
			buildConfigurationList = 30B0B8E21AD84847009401D6 /* Build configuration list for PBXNativeTarget "WatchTestApp" */;
			buildPhases = (
				30B0B8BF1AD84847009401D6 /* Sources */,
				30B0B8C01AD84847009401D6 /* Frameworks */,
				30B0B8C11AD84847009401D6 /* Resources */,
				30B0B9101AD84942009401D6 /* Embed App Extensions */,
			);
			buildRules = (
			);
			dependencies = (
				30B0B9081AD84942009401D6 /* PBXTargetDependency */,
			);
			name = WatchTestApp;
			productName = WatchTestApp;
			productReference = 30B0B8C31AD84847009401D6 /* WatchTestApp.app */;
			productType = "com.apple.product-type.application";
		};
		30B0B8D71AD84847009401D6 /* WatchTestAppTests */ = {
			isa = PBXNativeTarget;
			buildConfigurationList = 30B0B8E51AD84847009401D6 /* Build configuration list for PBXNativeTarget "WatchTestAppTests" */;
			buildPhases = (
				30B0B8D41AD84847009401D6 /* Sources */,
				30B0B8D51AD84847009401D6 /* Frameworks */,
				30B0B8D61AD84847009401D6 /* Resources */,
			);
			buildRules = (
			);
			dependencies = (
				30B0B8DA1AD84847009401D6 /* PBXTargetDependency */,
			);
			name = WatchTestAppTests;
			productName = WatchTestAppTests;
			productReference = 30B0B8D81AD84847009401D6 /* WatchTestAppTests.xctest */;
			productType = "com.apple.product-type.bundle.unit-test";
		};
		30B0B8EB1AD84941009401D6 /* WatchTestApp WatchKit Extension */ = {
			isa = PBXNativeTarget;
			buildConfigurationList = 30B0B90D1AD84942009401D6 /* Build configuration list for PBXNativeTarget "WatchTestApp WatchKit Extension" */;
			buildPhases = (
				30B0B8E81AD84941009401D6 /* Sources */,
				30B0B8E91AD84941009401D6 /* Frameworks */,
				30B0B8EA1AD84941009401D6 /* Resources */,
			);
			buildRules = (
			);
			dependencies = (
				30B0B8FE1AD84942009401D6 /* PBXTargetDependency */,
			);
			name = "WatchTestApp WatchKit Extension";
			productName = "WatchTestApp WatchKit Extension";
			productReference = 30B0B8EC1AD84941009401D6 /* WatchTestApp WatchKit Extension.appex */;
			productType = "com.apple.product-type.watchkit-extension";
		};
		30B0B8FA1AD84942009401D6 /* WatchTestApp WatchKit App */ = {
			isa = PBXNativeTarget;
			buildConfigurationList = 30B0B90A1AD84942009401D6 /* Build configuration list for PBXNativeTarget "WatchTestApp WatchKit App" */;
			buildPhases = (
				30B0B8F91AD84942009401D6 /* Resources */,
			);
			buildRules = (
			);
			dependencies = (
			);
			name = "WatchTestApp WatchKit App";
			productName = "WatchTestApp WatchKit App";
			productReference = 30B0B8FB1AD84942009401D6 /* WatchTestApp WatchKit App.app */;
			productType = "com.apple.product-type.application.watchapp";
		};
/* End PBXNativeTarget section */

/* Begin PBXProject section */
		30B0B8BB1AD84846009401D6 /* Project object */ = {
			isa = PBXProject;
			attributes = {
				LastUpgradeCheck = 0630;
				ORGANIZATIONNAME = "Felix Olivares";
				TargetAttributes = {
					30B0B8C21AD84847009401D6 = {
						CreatedOnToolsVersion = 6.3;
					};
					30B0B8D71AD84847009401D6 = {
						CreatedOnToolsVersion = 6.3;
						TestTargetID = 30B0B8C21AD84847009401D6;
					};
					30B0B8EB1AD84941009401D6 = {
						CreatedOnToolsVersion = 6.3;
					};
					30B0B8FA1AD84942009401D6 = {
						CreatedOnToolsVersion = 6.3;
					};
				};
			};
			buildConfigurationList = 30B0B8BE1AD84846009401D6 /* Build configuration list for PBXProject "WatchTestApp" */;
			compatibilityVersion = "Xcode 3.2";
			developmentRegion = English;
			hasScannedForEncodings = 0;
			knownRegions = (
				en,
				Base,
			);
			mainGroup = 30B0B8BA1AD84846009401D6;
			productRefGroup = 30B0B8C41AD84847009401D6 /* Products */;
			projectDirPath = "";
			projectRoot = "";
			targets = (
				30B0B8C21AD84847009401D6 /* WatchTestApp */,
				30B0B8D71AD84847009401D6 /* WatchTestAppTests */,
				30B0B8EB1AD84941009401D6 /* WatchTestApp WatchKit Extension */,
				30B0B8FA1AD84942009401D6 /* WatchTestApp WatchKit App */,
			);
		};
/* End PBXProject section */

/* Begin PBXResourcesBuildPhase section */
		30B0B8C11AD84847009401D6 /* Resources */ = {
			isa = PBXResourcesBuildPhase;
			buildActionMask = 2147483647;
			files = (
				30B0B8CE1AD84847009401D6 /* Main.storyboard in Resources */,
				30B0B8D31AD84847009401D6 /* LaunchScreen.xib in Resources */,
				30B0B8D01AD84847009401D6 /* Images.xcassets in Resources */,
			);
			runOnlyForDeploymentPostprocessing = 0;
		};
		30B0B8D61AD84847009401D6 /* Resources */ = {
			isa = PBXResourcesBuildPhase;
			buildActionMask = 2147483647;
			files = (
			);
			runOnlyForDeploymentPostprocessing = 0;
		};
		30B0B8EA1AD84941009401D6 /* Resources */ = {
			isa = PBXResourcesBuildPhase;
			buildActionMask = 2147483647;
			files = (
				30B0B8FC1AD84942009401D6 /* WatchTestApp WatchKit App.app in Resources */,
				30B0B8F81AD84942009401D6 /* Images.xcassets in Resources */,
			);
			runOnlyForDeploymentPostprocessing = 0;
		};
		30B0B8F91AD84942009401D6 /* Resources */ = {
			isa = PBXResourcesBuildPhase;
			buildActionMask = 2147483647;
			files = (
				30B0B9041AD84942009401D6 /* Interface.storyboard in Resources */,
				30B0B9061AD84942009401D6 /* Images.xcassets in Resources */,
			);
			runOnlyForDeploymentPostprocessing = 0;
		};
/* End PBXResourcesBuildPhase section */

/* Begin PBXSourcesBuildPhase section */
		30B0B8BF1AD84847009401D6 /* Sources */ = {
			isa = PBXSourcesBuildPhase;
			buildActionMask = 2147483647;
			files = (
				30B0B8CB1AD84847009401D6 /* ViewController.swift in Sources */,
				30B0B8C91AD84847009401D6 /* AppDelegate.swift in Sources */,
			);
			runOnlyForDeploymentPostprocessing = 0;
		};
		30B0B8D41AD84847009401D6 /* Sources */ = {
			isa = PBXSourcesBuildPhase;
			buildActionMask = 2147483647;
			files = (
				30B0B8DF1AD84847009401D6 /* WatchTestAppTests.swift in Sources */,
			);
			runOnlyForDeploymentPostprocessing = 0;
		};
		30B0B8E81AD84941009401D6 /* Sources */ = {
			isa = PBXSourcesBuildPhase;
			buildActionMask = 2147483647;
			files = (
				30B0B8F41AD84942009401D6 /* NotificationController.swift in Sources */,
				30B0B8F21AD84942009401D6 /* InterfaceController.swift in Sources */,
				30B0B8F61AD84942009401D6 /* GlanceController.swift in Sources */,
			);
			runOnlyForDeploymentPostprocessing = 0;
		};
/* End PBXSourcesBuildPhase section */

/* Begin PBXTargetDependency section */
		30B0B8DA1AD84847009401D6 /* PBXTargetDependency */ = {
			isa = PBXTargetDependency;
			target = 30B0B8C21AD84847009401D6 /* WatchTestApp */;
			targetProxy = 30B0B8D91AD84847009401D6 /* PBXContainerItemProxy */;
		};
		30B0B8FE1AD84942009401D6 /* PBXTargetDependency */ = {
			isa = PBXTargetDependency;
			target = 30B0B8FA1AD84942009401D6 /* WatchTestApp WatchKit App */;
			targetProxy = 30B0B8FD1AD84942009401D6 /* PBXContainerItemProxy */;
		};
		30B0B9081AD84942009401D6 /* PBXTargetDependency */ = {
			isa = PBXTargetDependency;
			target = 30B0B8EB1AD84941009401D6 /* WatchTestApp WatchKit Extension */;
			targetProxy = 30B0B9071AD84942009401D6 /* PBXContainerItemProxy */;
		};
/* End PBXTargetDependency section */

/* Begin PBXVariantGroup section */
		30B0B8CC1AD84847009401D6 /* Main.storyboard */ = {
			isa = PBXVariantGroup;
			children = (
				30B0B8CD1AD84847009401D6 /* Base */,
			);
			name = Main.storyboard;
			sourceTree = "<group>";
		};
		30B0B8D11AD84847009401D6 /* LaunchScreen.xib */ = {
			isa = PBXVariantGroup;
			children = (
				30B0B8D21AD84847009401D6 /* Base */,
			);
			name = LaunchScreen.xib;
			sourceTree = "<group>";
		};
		30B0B9021AD84942009401D6 /* Interface.storyboard */ = {
			isa = PBXVariantGroup;
			children = (
				30B0B9031AD84942009401D6 /* Base */,
			);
			name = Interface.storyboard;
			sourceTree = "<group>";
		};
/* End PBXVariantGroup section */

/* Begin XCBuildConfiguration section */
		30B0B8E01AD84847009401D6 /* Debug */ = {
			isa = XCBuildConfiguration;
			buildSettings = {
				ALWAYS_SEARCH_USER_PATHS = NO;
				CLANG_CXX_LANGUAGE_STANDARD = "gnu++0x";
				CLANG_CXX_LIBRARY = "libc++";
				CLANG_ENABLE_MODULES = YES;
				CLANG_ENABLE_OBJC_ARC = YES;
				CLANG_WARN_BOOL_CONVERSION = YES;
				CLANG_WARN_CONSTANT_CONVERSION = YES;
				CLANG_WARN_DIRECT_OBJC_ISA_USAGE = YES_ERROR;
				CLANG_WARN_EMPTY_BODY = YES;
				CLANG_WARN_ENUM_CONVERSION = YES;
				CLANG_WARN_INT_CONVERSION = YES;
				CLANG_WARN_OBJC_ROOT_CLASS = YES_ERROR;
				CLANG_WARN_UNREACHABLE_CODE = YES;
				CLANG_WARN__DUPLICATE_METHOD_MATCH = YES;
				"CODE_SIGN_IDENTITY[sdk=iphoneos*]" = "iPhone Developer";
				COPY_PHASE_STRIP = NO;
				DEBUG_INFORMATION_FORMAT = "dwarf-with-dsym";
				ENABLE_STRICT_OBJC_MSGSEND = YES;
				GCC_C_LANGUAGE_STANDARD = gnu99;
				GCC_DYNAMIC_NO_PIC = NO;
				GCC_NO_COMMON_BLOCKS = YES;
				GCC_OPTIMIZATION_LEVEL = 0;
				GCC_PREPROCESSOR_DEFINITIONS = (
					"DEBUG=1",
					"$(inherited)",
				);
				GCC_SYMBOLS_PRIVATE_EXTERN = NO;
				GCC_WARN_64_TO_32_BIT_CONVERSION = YES;
				GCC_WARN_ABOUT_RETURN_TYPE = YES_ERROR;
				GCC_WARN_UNDECLARED_SELECTOR = YES;
				GCC_WARN_UNINITIALIZED_AUTOS = YES_AGGRESSIVE;
				GCC_WARN_UNUSED_FUNCTION = YES;
				GCC_WARN_UNUSED_VARIABLE = YES;
				IPHONEOS_DEPLOYMENT_TARGET = 8.3;
				MTL_ENABLE_DEBUG_INFO = YES;
				ONLY_ACTIVE_ARCH = YES;
				SDKROOT = iphoneos;
				SWIFT_OPTIMIZATION_LEVEL = "-Onone";
				TARGETED_DEVICE_FAMILY = "1,2";
			};
			name = Debug;
		};
		30B0B8E11AD84847009401D6 /* Release */ = {
			isa = XCBuildConfiguration;
			buildSettings = {
				ALWAYS_SEARCH_USER_PATHS = NO;
				CLANG_CXX_LANGUAGE_STANDARD = "gnu++0x";
				CLANG_CXX_LIBRARY = "libc++";
				CLANG_ENABLE_MODULES = YES;
				CLANG_ENABLE_OBJC_ARC = YES;
				CLANG_WARN_BOOL_CONVERSION = YES;
				CLANG_WARN_CONSTANT_CONVERSION = YES;
				CLANG_WARN_DIRECT_OBJC_ISA_USAGE = YES_ERROR;
				CLANG_WARN_EMPTY_BODY = YES;
				CLANG_WARN_ENUM_CONVERSION = YES;
				CLANG_WARN_INT_CONVERSION = YES;
				CLANG_WARN_OBJC_ROOT_CLASS = YES_ERROR;
				CLANG_WARN_UNREACHABLE_CODE = YES;
				CLANG_WARN__DUPLICATE_METHOD_MATCH = YES;
				"CODE_SIGN_IDENTITY[sdk=iphoneos*]" = "iPhone Developer";
				COPY_PHASE_STRIP = NO;
				DEBUG_INFORMATION_FORMAT = "dwarf-with-dsym";
				ENABLE_NS_ASSERTIONS = NO;
				ENABLE_STRICT_OBJC_MSGSEND = YES;
				GCC_C_LANGUAGE_STANDARD = gnu99;
				GCC_NO_COMMON_BLOCKS = YES;
				GCC_WARN_64_TO_32_BIT_CONVERSION = YES;
				GCC_WARN_ABOUT_RETURN_TYPE = YES_ERROR;
				GCC_WARN_UNDECLARED_SELECTOR = YES;
				GCC_WARN_UNINITIALIZED_AUTOS = YES_AGGRESSIVE;
				GCC_WARN_UNUSED_FUNCTION = YES;
				GCC_WARN_UNUSED_VARIABLE = YES;
				IPHONEOS_DEPLOYMENT_TARGET = 8.3;
				MTL_ENABLE_DEBUG_INFO = NO;
				SDKROOT = iphoneos;
				TARGETED_DEVICE_FAMILY = "1,2";
				VALIDATE_PRODUCT = YES;
			};
			name = Release;
		};
		30B0B8E31AD84847009401D6 /* Debug */ = {
			isa = XCBuildConfiguration;
			buildSettings = {
				ASSETCATALOG_COMPILER_APPICON_NAME = AppIcon;
				INFOPLIST_FILE = WatchTestApp/Info.plist;
				LD_RUNPATH_SEARCH_PATHS = "$(inherited) @executable_path/Frameworks";
				PRODUCT_NAME = "$(TARGET_NAME)";
			};
			name = Debug;
		};
		30B0B8E41AD84847009401D6 /* Release */ = {
			isa = XCBuildConfiguration;
			buildSettings = {
				ASSETCATALOG_COMPILER_APPICON_NAME = AppIcon;
				INFOPLIST_FILE = WatchTestApp/Info.plist;
				LD_RUNPATH_SEARCH_PATHS = "$(inherited) @executable_path/Frameworks";
				PRODUCT_NAME = "$(TARGET_NAME)";
			};
			name = Release;
		};
		30B0B8E61AD84847009401D6 /* Debug */ = {
			isa = XCBuildConfiguration;
			buildSettings = {
				BUNDLE_LOADER = "$(TEST_HOST)";
				FRAMEWORK_SEARCH_PATHS = (
					"$(SDKROOT)/Developer/Library/Frameworks",
					"$(inherited)",
				);
				GCC_PREPROCESSOR_DEFINITIONS = (
					"DEBUG=1",
					"$(inherited)",
				);
				INFOPLIST_FILE = WatchTestAppTests/Info.plist;
				LD_RUNPATH_SEARCH_PATHS = "$(inherited) @executable_path/Frameworks @loader_path/Frameworks";
				PRODUCT_NAME = "$(TARGET_NAME)";
				TEST_HOST = "$(BUILT_PRODUCTS_DIR)/WatchTestApp.app/WatchTestApp";
			};
			name = Debug;
		};
		30B0B8E71AD84847009401D6 /* Release */ = {
			isa = XCBuildConfiguration;
			buildSettings = {
				BUNDLE_LOADER = "$(TEST_HOST)";
				FRAMEWORK_SEARCH_PATHS = (
					"$(SDKROOT)/Developer/Library/Frameworks",
					"$(inherited)",
				);
				INFOPLIST_FILE = WatchTestAppTests/Info.plist;
				LD_RUNPATH_SEARCH_PATHS = "$(inherited) @executable_path/Frameworks @loader_path/Frameworks";
				PRODUCT_NAME = "$(TARGET_NAME)";
				TEST_HOST = "$(BUILT_PRODUCTS_DIR)/WatchTestApp.app/WatchTestApp";
			};
			name = Release;
		};
		30B0B90B1AD84942009401D6 /* Debug */ = {
			isa = XCBuildConfiguration;
			buildSettings = {
				ASSETCATALOG_COMPILER_APPICON_NAME = AppIcon;
				GCC_PREPROCESSOR_DEFINITIONS = (
					"DEBUG=1",
					"$(inherited)",
				);
				IBSC_MODULE = WatchTestApp_WatchKit_Extension;
				INFOPLIST_FILE = "WatchTestApp WatchKit App/Info.plist";
				IPHONEOS_DEPLOYMENT_TARGET = 8.2;
				PRODUCT_NAME = "$(TARGET_NAME)";
				SKIP_INSTALL = YES;
				TARGETED_DEVICE_FAMILY = 4;
				"TARGETED_DEVICE_FAMILY[sdk=iphonesimulator*]" = "1,4";
			};
			name = Debug;
		};
		30B0B90C1AD84942009401D6 /* Release */ = {
			isa = XCBuildConfiguration;
			buildSettings = {
				ASSETCATALOG_COMPILER_APPICON_NAME = AppIcon;
				IBSC_MODULE = WatchTestApp_WatchKit_Extension;
				INFOPLIST_FILE = "WatchTestApp WatchKit App/Info.plist";
				IPHONEOS_DEPLOYMENT_TARGET = 8.2;
				PRODUCT_NAME = "$(TARGET_NAME)";
				SKIP_INSTALL = YES;
				TARGETED_DEVICE_FAMILY = 4;
				"TARGETED_DEVICE_FAMILY[sdk=iphonesimulator*]" = "1,4";
			};
			name = Release;
		};
		30B0B90E1AD84942009401D6 /* Debug */ = {
			isa = XCBuildConfiguration;
			buildSettings = {
				GCC_PREPROCESSOR_DEFINITIONS = (
					"DEBUG=1",
					"$(inherited)",
				);
				INFOPLIST_FILE = "WatchTestApp WatchKit Extension/Info.plist";
				LD_RUNPATH_SEARCH_PATHS = "$(inherited) @executable_path/Frameworks @executable_path/../../Frameworks";
				PRODUCT_NAME = "${TARGET_NAME}";
				SKIP_INSTALL = YES;
			};
			name = Debug;
		};
		30B0B90F1AD84942009401D6 /* Release */ = {
			isa = XCBuildConfiguration;
			buildSettings = {
				INFOPLIST_FILE = "WatchTestApp WatchKit Extension/Info.plist";
				LD_RUNPATH_SEARCH_PATHS = "$(inherited) @executable_path/Frameworks @executable_path/../../Frameworks";
				PRODUCT_NAME = "${TARGET_NAME}";
				SKIP_INSTALL = YES;
			};
			name = Release;
		};
/* End XCBuildConfiguration section */

/* Begin XCConfigurationList section */
		30B0B8BE1AD84846009401D6 /* Build configuration list for PBXProject "WatchTestApp" */ = {
			isa = XCConfigurationList;
			buildConfigurations = (
				30B0B8E01AD84847009401D6 /* Debug */,
				30B0B8E11AD84847009401D6 /* Release */,
			);
			defaultConfigurationIsVisible = 0;
			defaultConfigurationName = Release;
		};
		30B0B8E21AD84847009401D6 /* Build configuration list for PBXNativeTarget "WatchTestApp" */ = {
			isa = XCConfigurationList;
			buildConfigurations = (
				30B0B8E31AD84847009401D6 /* Debug */,
				30B0B8E41AD84847009401D6 /* Release */,
			);
			defaultConfigurationIsVisible = 0;
		};
		30B0B8E51AD84847009401D6 /* Build configuration list for PBXNativeTarget "WatchTestAppTests" */ = {
			isa = XCConfigurationList;
			buildConfigurations = (
				30B0B8E61AD84847009401D6 /* Debug */,
				30B0B8E71AD84847009401D6 /* Release */,
			);
			defaultConfigurationIsVisible = 0;
		};
		30B0B90A1AD84942009401D6 /* Build configuration list for PBXNativeTarget "WatchTestApp WatchKit App" */ = {
			isa = XCConfigurationList;
			buildConfigurations = (
				30B0B90B1AD84942009401D6 /* Debug */,
				30B0B90C1AD84942009401D6 /* Release */,
			);
			defaultConfigurationIsVisible = 0;
		};
		30B0B90D1AD84942009401D6 /* Build configuration list for PBXNativeTarget "WatchTestApp WatchKit Extension" */ = {
			isa = XCConfigurationList;
			buildConfigurations = (
				30B0B90E1AD84942009401D6 /* Debug */,
				30B0B90F1AD84942009401D6 /* Release */,
			);
			defaultConfigurationIsVisible = 0;
		};
/* End XCConfigurationList section */
	};
	rootObject = 30B0B8BB1AD84846009401D6 /* Project object */;
}
